// !$*UTF8*$!
{
	archiveVersion = 1;
	classes = {
	};
	objectVersion = 55;
	objects = {

/* Begin PBXBuildFile section */
		F6DB18562814461F008BE5B3 /* HoneymoonApp.swift in Sources */ = {isa = PBXBuildFile; fileRef = F6DB18552814461F008BE5B3 /* HoneymoonApp.swift */; };
		F6DB18582814461F008BE5B3 /* ContentView.swift in Sources */ = {isa = PBXBuildFile; fileRef = F6DB18572814461F008BE5B3 /* ContentView.swift */; };
		F6DB185A28144620008BE5B3 /* Assets.xcassets in Resources */ = {isa = PBXBuildFile; fileRef = F6DB185928144620008BE5B3 /* Assets.xcassets */; };
		F6DB185D28144620008BE5B3 /* Preview Assets.xcassets in Resources */ = {isa = PBXBuildFile; fileRef = F6DB185C28144620008BE5B3 /* Preview Assets.xcassets */; };
		F6DB186B281446C6008BE5B3 /* sound-rise.mp3 in Resources */ = {isa = PBXBuildFile; fileRef = F6DB1869281446C6008BE5B3 /* sound-rise.mp3 */; };
		F6DB186C281446C6008BE5B3 /* sound-click.mp3 in Resources */ = {isa = PBXBuildFile; fileRef = F6DB186A281446C6008BE5B3 /* sound-click.mp3 */; };
		F6DB18702814480F008BE5B3 /* HoneymoonModel.swift in Sources */ = {isa = PBXBuildFile; fileRef = F6DB186F2814480F008BE5B3 /* HoneymoonModel.swift */; };
		F6DB1873281448AF008BE5B3 /* HoneymoonData.swift in Sources */ = {isa = PBXBuildFile; fileRef = F6DB1872281448AF008BE5B3 /* HoneymoonData.swift */; };
		F6DB18762814491C008BE5B3 /* CardView.swift in Sources */ = {isa = PBXBuildFile; fileRef = F6DB18752814491C008BE5B3 /* CardView.swift */; };
		F6DB187828144CF0008BE5B3 /* HeaderView.swift in Sources */ = {isa = PBXBuildFile; fileRef = F6DB187728144CF0008BE5B3 /* HeaderView.swift */; };
		F6DB187A28144F16008BE5B3 /* FooterView.swift in Sources */ = {isa = PBXBuildFile; fileRef = F6DB187928144F16008BE5B3 /* FooterView.swift */; };
		F6DB187D281450B2008BE5B3 /* HeaderComponent.swift in Sources */ = {isa = PBXBuildFile; fileRef = F6DB187C281450B2008BE5B3 /* HeaderComponent.swift */; };
		F6DB187F2814517A008BE5B3 /* GuideComponent.swift in Sources */ = {isa = PBXBuildFile; fileRef = F6DB187E2814517A008BE5B3 /* GuideComponent.swift */; };
		F6DB1881281453E1008BE5B3 /* GuideView.swift in Sources */ = {isa = PBXBuildFile; fileRef = F6DB1880281453E1008BE5B3 /* GuideView.swift */; };
		F6DB1884281459AF008BE5B3 /* Modifiers.swift in Sources */ = {isa = PBXBuildFile; fileRef = F6DB1883281459AF008BE5B3 /* Modifiers.swift */; };
		F6DB1886281463C9008BE5B3 /* InfoView.swift in Sources */ = {isa = PBXBuildFile; fileRef = F6DB1885281463C9008BE5B3 /* InfoView.swift */; };
		F6DB188E28146AEC008BE5B3 /* PlaySound.swift in Sources */ = {isa = PBXBuildFile; fileRef = F6DB188D28146AEC008BE5B3 /* PlaySound.swift */; };
		F6DB189128147CDF008BE5B3 /* CardTransition.swift in Sources */ = {isa = PBXBuildFile; fileRef = F6DB189028147CDF008BE5B3 /* CardTransition.swift */; };
/* End PBXBuildFile section */

/* Begin PBXFileReference section */
		F6DB18522814461F008BE5B3 /* Honeymoon.app */ = {isa = PBXFileReference; explicitFileType = wrapper.application; includeInIndex = 0; path = Honeymoon.app; sourceTree = BUILT_PRODUCTS_DIR; };
		F6DB18552814461F008BE5B3 /* HoneymoonApp.swift */ = {isa = PBXFileReference; lastKnownFileType = sourcecode.swift; path = HoneymoonApp.swift; sourceTree = "<group>"; };
		F6DB18572814461F008BE5B3 /* ContentView.swift */ = {isa = PBXFileReference; lastKnownFileType = sourcecode.swift; path = ContentView.swift; sourceTree = "<group>"; };
		F6DB185928144620008BE5B3 /* Assets.xcassets */ = {isa = PBXFileReference; lastKnownFileType = folder.assetcatalog; path = Assets.xcassets; sourceTree = "<group>"; };
		F6DB185C28144620008BE5B3 /* Preview Assets.xcassets */ = {isa = PBXFileReference; lastKnownFileType = folder.assetcatalog; path = "Preview Assets.xcassets"; sourceTree = "<group>"; };
		F6DB1869281446C6008BE5B3 /* sound-rise.mp3 */ = {isa = PBXFileReference; lastKnownFileType = audio.mp3; path = "sound-rise.mp3"; sourceTree = "<group>"; };
		F6DB186A281446C6008BE5B3 /* sound-click.mp3 */ = {isa = PBXFileReference; lastKnownFileType = audio.mp3; path = "sound-click.mp3"; sourceTree = "<group>"; };
		F6DB186D28144718008BE5B3 /* Info.plist */ = {isa = PBXFileReference; lastKnownFileType = text.plist; path = Info.plist; sourceTree = "<group>"; };
		F6DB186F2814480F008BE5B3 /* HoneymoonModel.swift */ = {isa = PBXFileReference; fileEncoding = 4; lastKnownFileType = sourcecode.swift; path = HoneymoonModel.swift; sourceTree = "<group>"; };
		F6DB1872281448AF008BE5B3 /* HoneymoonData.swift */ = {isa = PBXFileReference; fileEncoding = 4; lastKnownFileType = sourcecode.swift; path = HoneymoonData.swift; sourceTree = "<group>"; };
		F6DB18752814491C008BE5B3 /* CardView.swift */ = {isa = PBXFileReference; lastKnownFileType = sourcecode.swift; path = CardView.swift; sourceTree = "<group>"; };
		F6DB187728144CF0008BE5B3 /* HeaderView.swift */ = {isa = PBXFileReference; lastKnownFileType = sourcecode.swift; path = HeaderView.swift; sourceTree = "<group>"; };
		F6DB187928144F16008BE5B3 /* FooterView.swift */ = {isa = PBXFileReference; lastKnownFileType = sourcecode.swift; path = FooterView.swift; sourceTree = "<group>"; };
		F6DB187C281450B2008BE5B3 /* HeaderComponent.swift */ = {isa = PBXFileReference; lastKnownFileType = sourcecode.swift; path = HeaderComponent.swift; sourceTree = "<group>"; };
		F6DB187E2814517A008BE5B3 /* GuideComponent.swift */ = {isa = PBXFileReference; lastKnownFileType = sourcecode.swift; path = GuideComponent.swift; sourceTree = "<group>"; };
		F6DB1880281453E1008BE5B3 /* GuideView.swift */ = {isa = PBXFileReference; lastKnownFileType = sourcecode.swift; path = GuideView.swift; sourceTree = "<group>"; };
		F6DB1883281459AF008BE5B3 /* Modifiers.swift */ = {isa = PBXFileReference; lastKnownFileType = sourcecode.swift; path = Modifiers.swift; sourceTree = "<group>"; };
		F6DB1885281463C9008BE5B3 /* InfoView.swift */ = {isa = PBXFileReference; lastKnownFileType = sourcecode.swift; path = InfoView.swift; sourceTree = "<group>"; };
		F6DB188D28146AEC008BE5B3 /* PlaySound.swift */ = {isa = PBXFileReference; fileEncoding = 4; lastKnownFileType = sourcecode.swift; path = PlaySound.swift; sourceTree = "<group>"; };
		F6DB189028147CDF008BE5B3 /* CardTransition.swift */ = {isa = PBXFileReference; fileEncoding = 4; lastKnownFileType = sourcecode.swift; path = CardTransition.swift; sourceTree = "<group>"; };
/* End PBXFileReference section */

/* Begin PBXFrameworksBuildPhase section */
		F6DB184F2814461F008BE5B3 /* Frameworks */ = {
			isa = PBXFrameworksBuildPhase;
			buildActionMask = 2147483647;
			files = (
			);
			runOnlyForDeploymentPostprocessing = 0;
		};
/* End PBXFrameworksBuildPhase section */

/* Begin PBXGroup section */
		F6DB18492814461F008BE5B3 = {
			isa = PBXGroup;
			children = (
				F6DB18542814461F008BE5B3 /* Honeymoon */,
				F6DB18532814461F008BE5B3 /* Products */,
			);
			sourceTree = "<group>";
		};
		F6DB18532814461F008BE5B3 /* Products */ = {
			isa = PBXGroup;
			children = (
				F6DB18522814461F008BE5B3 /* Honeymoon.app */,
			);
			name = Products;
			sourceTree = "<group>";
		};
		F6DB18542814461F008BE5B3 /* Honeymoon */ = {
			isa = PBXGroup;
			children = (
				F6DB187B2814508B008BE5B3 /* Component */,
				F6DB1874281448DC008BE5B3 /* View */,
				F6DB1882281459A1008BE5B3 /* Modifier */,
				F6DB188F28147CDF008BE5B3 /* Extension */,
				F6DB1871281448AF008BE5B3 /* Data */,
				F6DB186E2814480F008BE5B3 /* Model */,
				F6DB1868281446C6008BE5B3 /* Sounds */,
				F6DB188C28146AEC008BE5B3 /* Helper */,
				F6DB18552814461F008BE5B3 /* HoneymoonApp.swift */,
				F6DB185928144620008BE5B3 /* Assets.xcassets */,
				F6DB186D28144718008BE5B3 /* Info.plist */,
				F6DB185B28144620008BE5B3 /* Preview Content */,
			);
			path = Honeymoon;
			sourceTree = "<group>";
		};
		F6DB185B28144620008BE5B3 /* Preview Content */ = {
			isa = PBXGroup;
			children = (
				F6DB185C28144620008BE5B3 /* Preview Assets.xcassets */,
			);
			path = "Preview Content";
			sourceTree = "<group>";
		};
		F6DB1868281446C6008BE5B3 /* Sounds */ = {
			isa = PBXGroup;
			children = (
				F6DB1869281446C6008BE5B3 /* sound-rise.mp3 */,
				F6DB186A281446C6008BE5B3 /* sound-click.mp3 */,
			);
			path = Sounds;
			sourceTree = "<group>";
		};
		F6DB186E2814480F008BE5B3 /* Model */ = {
			isa = PBXGroup;
			children = (
				F6DB186F2814480F008BE5B3 /* HoneymoonModel.swift */,
			);
			path = Model;
			sourceTree = "<group>";
		};
		F6DB1871281448AF008BE5B3 /* Data */ = {
			isa = PBXGroup;
			children = (
				F6DB1872281448AF008BE5B3 /* HoneymoonData.swift */,
			);
			path = Data;
			sourceTree = "<group>";
		};
		F6DB1874281448DC008BE5B3 /* View */ = {
			isa = PBXGroup;
			children = (
				F6DB18572814461F008BE5B3 /* ContentView.swift */,
				F6DB18752814491C008BE5B3 /* CardView.swift */,
				F6DB187728144CF0008BE5B3 /* HeaderView.swift */,
				F6DB187928144F16008BE5B3 /* FooterView.swift */,
				F6DB1880281453E1008BE5B3 /* GuideView.swift */,
				F6DB1885281463C9008BE5B3 /* InfoView.swift */,
			);
			path = View;
			sourceTree = "<group>";
		};
		F6DB187B2814508B008BE5B3 /* Component */ = {
			isa = PBXGroup;
			children = (
				F6DB187C281450B2008BE5B3 /* HeaderComponent.swift */,
				F6DB187E2814517A008BE5B3 /* GuideComponent.swift */,
			);
			path = Component;
			sourceTree = "<group>";
		};
		F6DB1882281459A1008BE5B3 /* Modifier */ = {
			isa = PBXGroup;
			children = (
				F6DB1883281459AF008BE5B3 /* Modifiers.swift */,
			);
			path = Modifier;
			sourceTree = "<group>";
		};
		F6DB188C28146AEC008BE5B3 /* Helper */ = {
			isa = PBXGroup;
			children = (
				F6DB188D28146AEC008BE5B3 /* PlaySound.swift */,
			);
			path = Helper;
			sourceTree = "<group>";
		};
		F6DB188F28147CDF008BE5B3 /* Extension */ = {
			isa = PBXGroup;
			children = (
				F6DB189028147CDF008BE5B3 /* CardTransition.swift */,
			);
			path = Extension;
			sourceTree = "<group>";
		};
/* End PBXGroup section */

/* Begin PBXNativeTarget section */
		F6DB18512814461F008BE5B3 /* Honeymoon */ = {
			isa = PBXNativeTarget;
			buildConfigurationList = F6DB186028144620008BE5B3 /* Build configuration list for PBXNativeTarget "Honeymoon" */;
			buildPhases = (
				F6DB184E2814461F008BE5B3 /* Sources */,
				F6DB184F2814461F008BE5B3 /* Frameworks */,
				F6DB18502814461F008BE5B3 /* Resources */,
			);
			buildRules = (
			);
			dependencies = (
			);
			name = Honeymoon;
			productName = Honeymoon;
			productReference = F6DB18522814461F008BE5B3 /* Honeymoon.app */;
			productType = "com.apple.product-type.application";
		};
/* End PBXNativeTarget section */

/* Begin PBXProject section */
		F6DB184A2814461F008BE5B3 /* Project object */ = {
			isa = PBXProject;
			attributes = {
				BuildIndependentTargetsInParallel = 1;
				LastSwiftUpdateCheck = 1320;
				LastUpgradeCheck = 1320;
				TargetAttributes = {
					F6DB18512814461F008BE5B3 = {
						CreatedOnToolsVersion = 13.2.1;
					};
				};
			};
			buildConfigurationList = F6DB184D2814461F008BE5B3 /* Build configuration list for PBXProject "Honeymoon" */;
			compatibilityVersion = "Xcode 13.0";
			developmentRegion = en;
			hasScannedForEncodings = 0;
			knownRegions = (
				en,
				Base,
			);
			mainGroup = F6DB18492814461F008BE5B3;
			productRefGroup = F6DB18532814461F008BE5B3 /* Products */;
			projectDirPath = "";
			projectRoot = "";
			targets = (
				F6DB18512814461F008BE5B3 /* Honeymoon */,
			);
		};
/* End PBXProject section */

/* Begin PBXResourcesBuildPhase section */
		F6DB18502814461F008BE5B3 /* Resources */ = {
			isa = PBXResourcesBuildPhase;
			buildActionMask = 2147483647;
			files = (
				F6DB186B281446C6008BE5B3 /* sound-rise.mp3 in Resources */,
				F6DB186C281446C6008BE5B3 /* sound-click.mp3 in Resources */,
				F6DB185D28144620008BE5B3 /* Preview Assets.xcassets in Resources */,
				F6DB185A28144620008BE5B3 /* Assets.xcassets in Resources */,
			);
			runOnlyForDeploymentPostprocessing = 0;
		};
/* End PBXResourcesBuildPhase section */

/* Begin PBXSourcesBuildPhase section */
		F6DB184E2814461F008BE5B3 /* Sources */ = {
			isa = PBXSourcesBuildPhase;
			buildActionMask = 2147483647;
			files = (
				F6DB1873281448AF008BE5B3 /* HoneymoonData.swift in Sources */,
				F6DB187A28144F16008BE5B3 /* FooterView.swift in Sources */,
				F6DB187828144CF0008BE5B3 /* HeaderView.swift in Sources */,
				F6DB1884281459AF008BE5B3 /* Modifiers.swift in Sources */,
				F6DB1886281463C9008BE5B3 /* InfoView.swift in Sources */,
				F6DB18702814480F008BE5B3 /* HoneymoonModel.swift in Sources */,
				F6DB187D281450B2008BE5B3 /* HeaderComponent.swift in Sources */,
				F6DB18582814461F008BE5B3 /* ContentView.swift in Sources */,
				F6DB18562814461F008BE5B3 /* HoneymoonApp.swift in Sources */,
				F6DB18762814491C008BE5B3 /* CardView.swift in Sources */,
				F6DB187F2814517A008BE5B3 /* GuideComponent.swift in Sources */,
				F6DB188E28146AEC008BE5B3 /* PlaySound.swift in Sources */,
				F6DB189128147CDF008BE5B3 /* CardTransition.swift in Sources */,
				F6DB1881281453E1008BE5B3 /* GuideView.swift in Sources */,
			);
			runOnlyForDeploymentPostprocessing = 0;
		};
/* End PBXSourcesBuildPhase section */

/* Begin XCBuildConfiguration section */
		F6DB185E28144620008BE5B3 /* Debug */ = {
			isa = XCBuildConfiguration;
			buildSettings = {
				ALWAYS_SEARCH_USER_PATHS = NO;
				CLANG_ANALYZER_NONNULL = YES;
				CLANG_ANALYZER_NUMBER_OBJECT_CONVERSION = YES_AGGRESSIVE;
				CLANG_CXX_LANGUAGE_STANDARD = "gnu++17";
				CLANG_CXX_LIBRARY = "libc++";
				CLANG_ENABLE_MODULES = YES;
				CLANG_ENABLE_OBJC_ARC = YES;
				CLANG_ENABLE_OBJC_WEAK = YES;
				CLANG_WARN_BLOCK_CAPTURE_AUTORELEASING = YES;
				CLANG_WARN_BOOL_CONVERSION = YES;
				CLANG_WARN_COMMA = YES;
				CLANG_WARN_CONSTANT_CONVERSION = YES;
				CLANG_WARN_DEPRECATED_OBJC_IMPLEMENTATIONS = YES;
				CLANG_WARN_DIRECT_OBJC_ISA_USAGE = YES_ERROR;
				CLANG_WARN_DOCUMENTATION_COMMENTS = YES;
				CLANG_WARN_EMPTY_BODY = YES;
				CLANG_WARN_ENUM_CONVERSION = YES;
				CLANG_WARN_INFINITE_RECURSION = YES;
				CLANG_WARN_INT_CONVERSION = YES;
				CLANG_WARN_NON_LITERAL_NULL_CONVERSION = YES;
				CLANG_WARN_OBJC_IMPLICIT_RETAIN_SELF = YES;
				CLANG_WARN_OBJC_LITERAL_CONVERSION = YES;
				CLANG_WARN_OBJC_ROOT_CLASS = YES_ERROR;
				CLANG_WARN_QUOTED_INCLUDE_IN_FRAMEWORK_HEADER = YES;
				CLANG_WARN_RANGE_LOOP_ANALYSIS = YES;
				CLANG_WARN_STRICT_PROTOTYPES = YES;
				CLANG_WARN_SUSPICIOUS_MOVE = YES;
				CLANG_WARN_UNGUARDED_AVAILABILITY = YES_AGGRESSIVE;
				CLANG_WARN_UNREACHABLE_CODE = YES;
				CLANG_WARN__DUPLICATE_METHOD_MATCH = YES;
				COPY_PHASE_STRIP = NO;
				DEBUG_INFORMATION_FORMAT = dwarf;
				ENABLE_STRICT_OBJC_MSGSEND = YES;
				ENABLE_TESTABILITY = YES;
				GCC_C_LANGUAGE_STANDARD = gnu11;
				GCC_DYNAMIC_NO_PIC = NO;
				GCC_NO_COMMON_BLOCKS = YES;
				GCC_OPTIMIZATION_LEVEL = 0;
				GCC_PREPROCESSOR_DEFINITIONS = (
					"DEBUG=1",
					"$(inherited)",
				);
				GCC_WARN_64_TO_32_BIT_CONVERSION = YES;
				GCC_WARN_ABOUT_RETURN_TYPE = YES_ERROR;
				GCC_WARN_UNDECLARED_SELECTOR = YES;
				GCC_WARN_UNINITIALIZED_AUTOS = YES_AGGRESSIVE;
				GCC_WARN_UNUSED_FUNCTION = YES;
				GCC_WARN_UNUSED_VARIABLE = YES;
				IPHONEOS_DEPLOYMENT_TARGET = 15.2;
				MTL_ENABLE_DEBUG_INFO = INCLUDE_SOURCE;
				MTL_FAST_MATH = YES;
				ONLY_ACTIVE_ARCH = YES;
				SDKROOT = iphoneos;
				SWIFT_ACTIVE_COMPILATION_CONDITIONS = DEBUG;
				SWIFT_OPTIMIZATION_LEVEL = "-Onone";
			};
			name = Debug;
		};
		F6DB185F28144620008BE5B3 /* Release */ = {
			isa = XCBuildConfiguration;
			buildSettings = {
				ALWAYS_SEARCH_USER_PATHS = NO;
				CLANG_ANALYZER_NONNULL = YES;
				CLANG_ANALYZER_NUMBER_OBJECT_CONVERSION = YES_AGGRESSIVE;
				CLANG_CXX_LANGUAGE_STANDARD = "gnu++17";
				CLANG_CXX_LIBRARY = "libc++";
				CLANG_ENABLE_MODULES = YES;
				CLANG_ENABLE_OBJC_ARC = YES;
				CLANG_ENABLE_OBJC_WEAK = YES;
				CLANG_WARN_BLOCK_CAPTURE_AUTORELEASING = YES;
				CLANG_WARN_BOOL_CONVERSION = YES;
				CLANG_WARN_COMMA = YES;
				CLANG_WARN_CONSTANT_CONVERSION = YES;
				CLANG_WARN_DEPRECATED_OBJC_IMPLEMENTATIONS = YES;
				CLANG_WARN_DIRECT_OBJC_ISA_USAGE = YES_ERROR;
				CLANG_WARN_DOCUMENTATION_COMMENTS = YES;
				CLANG_WARN_EMPTY_BODY = YES;
				CLANG_WARN_ENUM_CONVERSION = YES;
				CLANG_WARN_INFINITE_RECURSION = YES;
				CLANG_WARN_INT_CONVERSION = YES;
				CLANG_WARN_NON_LITERAL_NULL_CONVERSION = YES;
				CLANG_WARN_OBJC_IMPLICIT_RETAIN_SELF = YES;
				CLANG_WARN_OBJC_LITERAL_CONVERSION = YES;
				CLANG_WARN_OBJC_ROOT_CLASS = YES_ERROR;
				CLANG_WARN_QUOTED_INCLUDE_IN_FRAMEWORK_HEADER = YES;
				CLANG_WARN_RANGE_LOOP_ANALYSIS = YES;
				CLANG_WARN_STRICT_PROTOTYPES = YES;
				CLANG_WARN_SUSPICIOUS_MOVE = YES;
				CLANG_WARN_UNGUARDED_AVAILABILITY = YES_AGGRESSIVE;
				CLANG_WARN_UNREACHABLE_CODE = YES;
				CLANG_WARN__DUPLICATE_METHOD_MATCH = YES;
				COPY_PHASE_STRIP = NO;
				DEBUG_INFORMATION_FORMAT = "dwarf-with-dsym";
				ENABLE_NS_ASSERTIONS = NO;
				ENABLE_STRICT_OBJC_MSGSEND = YES;
				GCC_C_LANGUAGE_STANDARD = gnu11;
				GCC_NO_COMMON_BLOCKS = YES;
				GCC_WARN_64_TO_32_BIT_CONVERSION = YES;
				GCC_WARN_ABOUT_RETURN_TYPE = YES_ERROR;
				GCC_WARN_UNDECLARED_SELECTOR = YES;
				GCC_WARN_UNINITIALIZED_AUTOS = YES_AGGRESSIVE;
				GCC_WARN_UNUSED_FUNCTION = YES;
				GCC_WARN_UNUSED_VARIABLE = YES;
				IPHONEOS_DEPLOYMENT_TARGET = 15.2;
				MTL_ENABLE_DEBUG_INFO = NO;
				MTL_FAST_MATH = YES;
				SDKROOT = iphoneos;
				SWIFT_COMPILATION_MODE = wholemodule;
				SWIFT_OPTIMIZATION_LEVEL = "-O";
				VALIDATE_PRODUCT = YES;
			};
			name = Release;
		};
		F6DB186128144620008BE5B3 /* Debug */ = {
			isa = XCBuildConfiguration;
			buildSettings = {
				ASSETCATALOG_COMPILER_APPICON_NAME = AppIcon;
				ASSETCATALOG_COMPILER_GLOBAL_ACCENT_COLOR_NAME = AccentColor;
				CODE_SIGN_STYLE = Automatic;
				CURRENT_PROJECT_VERSION = 1;
				DEVELOPMENT_ASSET_PATHS = "\"Honeymoon/Preview Content\"";
				ENABLE_PREVIEWS = YES;
				GENERATE_INFOPLIST_FILE = YES;
				INFOPLIST_FILE = Honeymoon/Info.plist;
				INFOPLIST_KEY_UIApplicationSceneManifest_Generation = YES;
				INFOPLIST_KEY_UIApplicationSupportsIndirectInputEvents = YES;
				INFOPLIST_KEY_UISupportedInterfaceOrientations_iPad = "UIInterfaceOrientationPortrait UIInterfaceOrientationPortraitUpsideDown UIInterfaceOrientationLandscapeLeft UIInterfaceOrientationLandscapeRight";
				INFOPLIST_KEY_UISupportedInterfaceOrientations_iPhone = "UIInterfaceOrientationPortrait UIInterfaceOrientationLandscapeLeft UIInterfaceOrientationLandscapeRight";
				LD_RUNPATH_SEARCH_PATHS = (
					"$(inherited)",
					"@executable_path/Frameworks",
				);
				MARKETING_VERSION = 1.0;
				PRODUCT_BUNDLE_IDENTIFIER = metinatalay.Honeymoon;
				PRODUCT_NAME = "$(TARGET_NAME)";
				SWIFT_EMIT_LOC_STRINGS = YES;
				SWIFT_VERSION = 5.0;
				TARGETED_DEVICE_FAMILY = "1,2";
			};
			name = Debug;
		};
		F6DB186228144620008BE5B3 /* Release */ = {
			isa = XCBuildConfiguration;
			buildSettings = {
				ASSETCATALOG_COMPILER_APPICON_NAME = AppIcon;
				ASSETCATALOG_COMPILER_GLOBAL_ACCENT_COLOR_NAME = AccentColor;
				CODE_SIGN_STYLE = Automatic;
				CURRENT_PROJECT_VERSION = 1;
				DEVELOPMENT_ASSET_PATHS = "\"Honeymoon/Preview Content\"";
				ENABLE_PREVIEWS = YES;
				GENERATE_INFOPLIST_FILE = YES;
				INFOPLIST_FILE = Honeymoon/Info.plist;
				INFOPLIST_KEY_UIApplicationSceneManifest_Generation = YES;
				INFOPLIST_KEY_UIApplicationSupportsIndirectInputEvents = YES;
				INFOPLIST_KEY_UISupportedInterfaceOrientations_iPad = "UIInterfaceOrientationPortrait UIInterfaceOrientationPortraitUpsideDown UIInterfaceOrientationLandscapeLeft UIInterfaceOrientationLandscapeRight";
				INFOPLIST_KEY_UISupportedInterfaceOrientations_iPhone = "UIInterfaceOrientationPortrait UIInterfaceOrientationLandscapeLeft UIInterfaceOrientationLandscapeRight";
				LD_RUNPATH_SEARCH_PATHS = (
					"$(inherited)",
					"@executable_path/Frameworks",
				);
				MARKETING_VERSION = 1.0;
				PRODUCT_BUNDLE_IDENTIFIER = metinatalay.Honeymoon;
				PRODUCT_NAME = "$(TARGET_NAME)";
				SWIFT_EMIT_LOC_STRINGS = YES;
				SWIFT_VERSION = 5.0;
				TARGETED_DEVICE_FAMILY = "1,2";
			};
			name = Release;
		};
/* End XCBuildConfiguration section */

/* Begin XCConfigurationList section */
		F6DB184D2814461F008BE5B3 /* Build configuration list for PBXProject "Honeymoon" */ = {
			isa = XCConfigurationList;
			buildConfigurations = (
				F6DB185E28144620008BE5B3 /* Debug */,
				F6DB185F28144620008BE5B3 /* Release */,
			);
			defaultConfigurationIsVisible = 0;
			defaultConfigurationName = Release;
		};
		F6DB186028144620008BE5B3 /* Build configuration list for PBXNativeTarget "Honeymoon" */ = {
			isa = XCConfigurationList;
			buildConfigurations = (
				F6DB186128144620008BE5B3 /* Debug */,
				F6DB186228144620008BE5B3 /* Release */,
			);
			defaultConfigurationIsVisible = 0;
			defaultConfigurationName = Release;
		};
/* End XCConfigurationList section */
	};
	rootObject = F6DB184A2814461F008BE5B3 /* Project object */;
}
